// !$*UTF8*$!
{
	archiveVersion = 1;
	classes = {
	};
	objectVersion = 46;
	objects = {

/* Begin PBXBuildFile section */
		0239B20B1F06A9F900AD3242 /* ImageIO.framework in Frameworks */ = {isa = PBXBuildFile; fileRef = 0239B20A1F06A9F900AD3242 /* ImageIO.framework */; };
		0239B20F1F06AA1900AD3242 /* MobileCoreServices.framework in Frameworks */ = {isa = PBXBuildFile; fileRef = 0239B20E1F06AA1900AD3242 /* MobileCoreServices.framework */; };
		0239B2111F06AAD400AD3242 /* assets in Resources */ = {isa = PBXBuildFile; fileRef = 0239B2101F06AAD400AD3242 /* assets */; };
		024051D2229844EC00C84664 /* ViewController.m in Sources */ = {isa = PBXBuildFile; fileRef = 028ECE5B1EE68FEF0008EC84 /* ViewController.m */; };
		024051D3229844EC00C84664 /* AppDelegate.m in Sources */ = {isa = PBXBuildFile; fileRef = 028ECE581EE68FEF0008EC84 /* AppDelegate.m */; };
		024051D4229844EC00C84664 /* main.m in Sources */ = {isa = PBXBuildFile; fileRef = 028ECE551EE68FEF0008EC84 /* main.m */; };
		024051D6229844EC00C84664 /* MobileCoreServices.framework in Frameworks */ = {isa = PBXBuildFile; fileRef = 0239B20E1F06AA1900AD3242 /* MobileCoreServices.framework */; };
		024051D7229844EC00C84664 /* ImageIO.framework in Frameworks */ = {isa = PBXBuildFile; fileRef = 0239B20A1F06A9F900AD3242 /* ImageIO.framework */; };
		024051D8229844EC00C84664 /* AudioToolbox.framework in Frameworks */ = {isa = PBXBuildFile; fileRef = 024D145E1EE70C5A00D211B4 /* AudioToolbox.framework */; };
		024051D9229844EC00C84664 /* AVFoundation.framework in Frameworks */ = {isa = PBXBuildFile; fileRef = 024D145C1EE70C5100D211B4 /* AVFoundation.framework */; };
		024051DA229844EC00C84664 /* GameController.framework in Frameworks */ = {isa = PBXBuildFile; fileRef = 024D145A1EE70C3D00D211B4 /* GameController.framework */; };
		024051DB229844EC00C84664 /* CoreMotion.framework in Frameworks */ = {isa = PBXBuildFile; fileRef = 024D14581EE70C2F00D211B4 /* CoreMotion.framework */; };
		024051DF229844EC00C84664 /* LaunchScreen.storyboard in Resources */ = {isa = PBXBuildFile; fileRef = 028ECE621EE68FEF0008EC84 /* LaunchScreen.storyboard */; };
		024051E0229844EC00C84664 /* assets in Resources */ = {isa = PBXBuildFile; fileRef = 0239B2101F06AAD400AD3242 /* assets */; };
		024051E1229844EC00C84664 /* Assets.xcassets in Resources */ = {isa = PBXBuildFile; fileRef = 028ECE601EE68FEF0008EC84 /* Assets.xcassets */; };
		024051E2229844EC00C84664 /* Main.storyboard in Resources */ = {isa = PBXBuildFile; fileRef = 028ECE5D1EE68FEF0008EC84 /* Main.storyboard */; };
		024051E92298452400C84664 /* libminigame.a in Frameworks */ = {isa = PBXBuildFile; fileRef = 024051E82298452400C84664 /* libminigame.a */; };
		024051EB229845C700C84664 /* libSDL2.a in Frameworks */ = {isa = PBXBuildFile; fileRef = 024051EA229845C700C84664 /* libSDL2.a */; };
		024D14561EE70C1100D211B4 /* libSDL2.a in Frameworks */ = {isa = PBXBuildFile; fileRef = 024D14551EE70C1100D211B4 /* libSDL2.a */; };
		024D14591EE70C2F00D211B4 /* CoreMotion.framework in Frameworks */ = {isa = PBXBuildFile; fileRef = 024D14581EE70C2F00D211B4 /* CoreMotion.framework */; };
		024D145B1EE70C3D00D211B4 /* GameController.framework in Frameworks */ = {isa = PBXBuildFile; fileRef = 024D145A1EE70C3D00D211B4 /* GameController.framework */; };
		024D145D1EE70C5100D211B4 /* AVFoundation.framework in Frameworks */ = {isa = PBXBuildFile; fileRef = 024D145C1EE70C5100D211B4 /* AVFoundation.framework */; };
		024D145F1EE70C5A00D211B4 /* AudioToolbox.framework in Frameworks */ = {isa = PBXBuildFile; fileRef = 024D145E1EE70C5A00D211B4 /* AudioToolbox.framework */; };
		028ECE561EE68FEF0008EC84 /* main.m in Sources */ = {isa = PBXBuildFile; fileRef = 028ECE551EE68FEF0008EC84 /* main.m */; };
		028ECE591EE68FEF0008EC84 /* AppDelegate.m in Sources */ = {isa = PBXBuildFile; fileRef = 028ECE581EE68FEF0008EC84 /* AppDelegate.m */; };
		028ECE5C1EE68FEF0008EC84 /* ViewController.m in Sources */ = {isa = PBXBuildFile; fileRef = 028ECE5B1EE68FEF0008EC84 /* ViewController.m */; };
		028ECE5F1EE68FEF0008EC84 /* Main.storyboard in Resources */ = {isa = PBXBuildFile; fileRef = 028ECE5D1EE68FEF0008EC84 /* Main.storyboard */; };
		028ECE611EE68FEF0008EC84 /* Assets.xcassets in Resources */ = {isa = PBXBuildFile; fileRef = 028ECE601EE68FEF0008EC84 /* Assets.xcassets */; };
		028ECE641EE68FEF0008EC84 /* LaunchScreen.storyboard in Resources */ = {isa = PBXBuildFile; fileRef = 028ECE621EE68FEF0008EC84 /* LaunchScreen.storyboard */; };
		028ECE6C1EE6910F0008EC84 /* libminigame.a in Frameworks */ = {isa = PBXBuildFile; fileRef = 028ECE6B1EE6910F0008EC84 /* libminigame.a */; };
/* End PBXBuildFile section */

/* Begin PBXFileReference section */
		0239B2081F06A9CF00AD3242 /* CoreGraphics.framework */ = {isa = PBXFileReference; lastKnownFileType = wrapper.framework; name = CoreGraphics.framework; path = System/Library/Frameworks/CoreGraphics.framework; sourceTree = SDKROOT; };
		0239B20A1F06A9F900AD3242 /* ImageIO.framework */ = {isa = PBXFileReference; lastKnownFileType = wrapper.framework; name = ImageIO.framework; path = System/Library/Frameworks/ImageIO.framework; sourceTree = SDKROOT; };
		0239B20C1F06AA0200AD3242 /* CoreImage.framework */ = {isa = PBXFileReference; lastKnownFileType = wrapper.framework; name = CoreImage.framework; path = System/Library/Frameworks/CoreImage.framework; sourceTree = SDKROOT; };
		0239B20E1F06AA1900AD3242 /* MobileCoreServices.framework */ = {isa = PBXFileReference; lastKnownFileType = wrapper.framework; name = MobileCoreServices.framework; path = System/Library/Frameworks/MobileCoreServices.framework; sourceTree = SDKROOT; };
		0239B2101F06AAD400AD3242 /* assets */ = {isa = PBXFileReference; lastKnownFileType = folder; name = assets; path = ../../../assets; sourceTree = "<group>"; };
		024051E6229844EC00C84664 /* minigame-device.app */ = {isa = PBXFileReference; explicitFileType = wrapper.application; includeInIndex = 0; path = "minigame-device.app"; sourceTree = BUILT_PRODUCTS_DIR; };
		024051E82298452400C84664 /* libminigame.a */ = {isa = PBXFileReference; lastKnownFileType = archive.ar; name = libminigame.a; path = "../../target/aarch64-apple-ios/debug/libminigame.a"; sourceTree = "<group>"; };
		024051EA229845C700C84664 /* libSDL2.a */ = {isa = PBXFileReference; lastKnownFileType = archive.ar; name = libSDL2.a; path = "../../target/aarch64-apple-ios/debug/libSDL2.a"; sourceTree = "<group>"; };
		024051EC2298474C00C84664 /* Info-device.plist */ = {isa = PBXFileReference; lastKnownFileType = text.plist.xml; path = "Info-device.plist"; sourceTree = "<group>"; };
		024D14551EE70C1100D211B4 /* libSDL2.a */ = {isa = PBXFileReference; lastKnownFileType = archive.ar; name = libSDL2.a; path = "../../../target/x86_64-apple-ios/debug/libSDL2.a"; sourceTree = "<group>"; };
		024D14581EE70C2F00D211B4 /* CoreMotion.framework */ = {isa = PBXFileReference; lastKnownFileType = wrapper.framework; name = CoreMotion.framework; path = System/Library/Frameworks/CoreMotion.framework; sourceTree = SDKROOT; };
		024D145A1EE70C3D00D211B4 /* GameController.framework */ = {isa = PBXFileReference; lastKnownFileType = wrapper.framework; name = GameController.framework; path = System/Library/Frameworks/GameController.framework; sourceTree = SDKROOT; };
		024D145C1EE70C5100D211B4 /* AVFoundation.framework */ = {isa = PBXFileReference; lastKnownFileType = wrapper.framework; name = AVFoundation.framework; path = System/Library/Frameworks/AVFoundation.framework; sourceTree = SDKROOT; };
		024D145E1EE70C5A00D211B4 /* AudioToolbox.framework */ = {isa = PBXFileReference; lastKnownFileType = wrapper.framework; name = AudioToolbox.framework; path = System/Library/Frameworks/AudioToolbox.framework; sourceTree = SDKROOT; };
		028ECE511EE68FEF0008EC84 /* minigame-simulator.app */ = {isa = PBXFileReference; explicitFileType = wrapper.application; includeInIndex = 0; path = "minigame-simulator.app"; sourceTree = BUILT_PRODUCTS_DIR; };
		028ECE551EE68FEF0008EC84 /* main.m */ = {isa = PBXFileReference; lastKnownFileType = sourcecode.c.objc; path = main.m; sourceTree = "<group>"; };
		028ECE571EE68FEF0008EC84 /* AppDelegate.h */ = {isa = PBXFileReference; lastKnownFileType = sourcecode.c.h; path = AppDelegate.h; sourceTree = "<group>"; };
		028ECE581EE68FEF0008EC84 /* AppDelegate.m */ = {isa = PBXFileReference; lastKnownFileType = sourcecode.c.objc; path = AppDelegate.m; sourceTree = "<group>"; };
		028ECE5A1EE68FEF0008EC84 /* ViewController.h */ = {isa = PBXFileReference; lastKnownFileType = sourcecode.c.h; path = ViewController.h; sourceTree = "<group>"; };
		028ECE5B1EE68FEF0008EC84 /* ViewController.m */ = {isa = PBXFileReference; lastKnownFileType = sourcecode.c.objc; path = ViewController.m; sourceTree = "<group>"; };
		028ECE5E1EE68FEF0008EC84 /* Base */ = {isa = PBXFileReference; lastKnownFileType = file.storyboard; name = Base; path = Base.lproj/Main.storyboard; sourceTree = "<group>"; };
		028ECE601EE68FEF0008EC84 /* Assets.xcassets */ = {isa = PBXFileReference; lastKnownFileType = folder.assetcatalog; path = Assets.xcassets; sourceTree = "<group>"; };
		028ECE631EE68FEF0008EC84 /* Base */ = {isa = PBXFileReference; lastKnownFileType = file.storyboard; name = Base; path = Base.lproj/LaunchScreen.storyboard; sourceTree = "<group>"; };
		028ECE651EE68FEF0008EC84 /* Info.plist */ = {isa = PBXFileReference; lastKnownFileType = text.plist.xml; path = Info.plist; sourceTree = "<group>"; };
		028ECE6B1EE6910F0008EC84 /* libminigame.a */ = {isa = PBXFileReference; lastKnownFileType = archive.ar; name = libminigame.a; path = ../../../target/debug/libminigame.a; sourceTree = "<group>"; };
/* End PBXFileReference section */

/* Begin PBXFrameworksBuildPhase section */
		024051D5229844EC00C84664 /* Frameworks */ = {
			isa = PBXFrameworksBuildPhase;
			buildActionMask = 2147483647;
			files = (
				024051EB229845C700C84664 /* libSDL2.a in Frameworks */,
				024051E92298452400C84664 /* libminigame.a in Frameworks */,
				024051D6229844EC00C84664 /* MobileCoreServices.framework in Frameworks */,
				024051D7229844EC00C84664 /* ImageIO.framework in Frameworks */,
				024051D8229844EC00C84664 /* AudioToolbox.framework in Frameworks */,
				024051D9229844EC00C84664 /* AVFoundation.framework in Frameworks */,
				024051DA229844EC00C84664 /* GameController.framework in Frameworks */,
				024051DB229844EC00C84664 /* CoreMotion.framework in Frameworks */,
			);
			runOnlyForDeploymentPostprocessing = 0;
		};
		028ECE4E1EE68FEF0008EC84 /* Frameworks */ = {
			isa = PBXFrameworksBuildPhase;
			buildActionMask = 2147483647;
			files = (
				0239B20F1F06AA1900AD3242 /* MobileCoreServices.framework in Frameworks */,
				0239B20B1F06A9F900AD3242 /* ImageIO.framework in Frameworks */,
				024D145F1EE70C5A00D211B4 /* AudioToolbox.framework in Frameworks */,
				024D145D1EE70C5100D211B4 /* AVFoundation.framework in Frameworks */,
				024D145B1EE70C3D00D211B4 /* GameController.framework in Frameworks */,
				024D14591EE70C2F00D211B4 /* CoreMotion.framework in Frameworks */,
				024D14561EE70C1100D211B4 /* libSDL2.a in Frameworks */,
				028ECE6C1EE6910F0008EC84 /* libminigame.a in Frameworks */,
			);
			runOnlyForDeploymentPostprocessing = 0;
		};
/* End PBXFrameworksBuildPhase section */

/* Begin PBXGroup section */
		024D14571EE70C2F00D211B4 /* Frameworks */ = {
			isa = PBXGroup;
			children = (
				024051EA229845C700C84664 /* libSDL2.a */,
				024051E82298452400C84664 /* libminigame.a */,
				0239B20E1F06AA1900AD3242 /* MobileCoreServices.framework */,
				0239B20C1F06AA0200AD3242 /* CoreImage.framework */,
				0239B20A1F06A9F900AD3242 /* ImageIO.framework */,
				0239B2081F06A9CF00AD3242 /* CoreGraphics.framework */,
				024D145E1EE70C5A00D211B4 /* AudioToolbox.framework */,
				024D145C1EE70C5100D211B4 /* AVFoundation.framework */,
				024D145A1EE70C3D00D211B4 /* GameController.framework */,
				024D14581EE70C2F00D211B4 /* CoreMotion.framework */,
			);
			name = Frameworks;
			sourceTree = "<group>";
		};
		028ECE481EE68FEF0008EC84 = {
			isa = PBXGroup;
			children = (
				028ECE531EE68FEF0008EC84 /* minigame */,
				028ECE521EE68FEF0008EC84 /* Products */,
				024D14571EE70C2F00D211B4 /* Frameworks */,
			);
			sourceTree = "<group>";
		};
		028ECE521EE68FEF0008EC84 /* Products */ = {
			isa = PBXGroup;
			children = (
				028ECE511EE68FEF0008EC84 /* minigame-simulator.app */,
				024051E6229844EC00C84664 /* minigame-device.app */,
			);
			name = Products;
			sourceTree = "<group>";
		};
		028ECE531EE68FEF0008EC84 /* minigame */ = {
			isa = PBXGroup;
			children = (
				0239B2101F06AAD400AD3242 /* assets */,
				024D14551EE70C1100D211B4 /* libSDL2.a */,
				028ECE6B1EE6910F0008EC84 /* libminigame.a */,
				028ECE571EE68FEF0008EC84 /* AppDelegate.h */,
				028ECE581EE68FEF0008EC84 /* AppDelegate.m */,
				028ECE5A1EE68FEF0008EC84 /* ViewController.h */,
				028ECE5B1EE68FEF0008EC84 /* ViewController.m */,
				028ECE5D1EE68FEF0008EC84 /* Main.storyboard */,
				028ECE601EE68FEF0008EC84 /* Assets.xcassets */,
				028ECE621EE68FEF0008EC84 /* LaunchScreen.storyboard */,
				028ECE651EE68FEF0008EC84 /* Info.plist */,
				024051EC2298474C00C84664 /* Info-device.plist */,
				028ECE541EE68FEF0008EC84 /* Supporting Files */,
			);
			path = minigame;
			sourceTree = "<group>";
		};
		028ECE541EE68FEF0008EC84 /* Supporting Files */ = {
			isa = PBXGroup;
			children = (
				028ECE551EE68FEF0008EC84 /* main.m */,
			);
			name = "Supporting Files";
			sourceTree = "<group>";
		};
/* End PBXGroup section */

/* Begin PBXNativeTarget section */
		024051D0229844EC00C84664 /* minigame-device */ = {
			isa = PBXNativeTarget;
			buildConfigurationList = 024051E3229844EC00C84664 /* Build configuration list for PBXNativeTarget "minigame-device" */;
			buildPhases = (
				024051D1229844EC00C84664 /* Sources */,
				024051D5229844EC00C84664 /* Frameworks */,
				024051DE229844EC00C84664 /* Resources */,
			);
			buildRules = (
			);
			dependencies = (
			);
			name = "minigame-device";
			productName = minigame;
			productReference = 024051E6229844EC00C84664 /* minigame-device.app */;
			productType = "com.apple.product-type.application";
		};
		028ECE501EE68FEF0008EC84 /* minigame-simulator */ = {
			isa = PBXNativeTarget;
			buildConfigurationList = 028ECE681EE68FEF0008EC84 /* Build configuration list for PBXNativeTarget "minigame-simulator" */;
			buildPhases = (
				028ECE4D1EE68FEF0008EC84 /* Sources */,
				028ECE4E1EE68FEF0008EC84 /* Frameworks */,
				028ECE4F1EE68FEF0008EC84 /* Resources */,
			);
			buildRules = (
			);
			dependencies = (
			);
			name = "minigame-simulator";
			productName = minigame;
			productReference = 028ECE511EE68FEF0008EC84 /* minigame-simulator.app */;
			productType = "com.apple.product-type.application";
		};
/* End PBXNativeTarget section */

/* Begin PBXProject section */
		028ECE491EE68FEF0008EC84 /* Project object */ = {
			isa = PBXProject;
			attributes = {
				LastUpgradeCheck = 0830;
				ORGANIZATIONNAME = "Valerio Santinelli";
				TargetAttributes = {
					024051D0229844EC00C84664 = {
						DevelopmentTeam = 6N59NGK9J6;
					};
					028ECE501EE68FEF0008EC84 = {
						CreatedOnToolsVersion = 8.3.2;
						DevelopmentTeam = 6N59NGK9J6;
						ProvisioningStyle = Automatic;
					};
				};
			};
			buildConfigurationList = 028ECE4C1EE68FEF0008EC84 /* Build configuration list for PBXProject "minigame" */;
			compatibilityVersion = "Xcode 3.2";
			developmentRegion = English;
			hasScannedForEncodings = 0;
			knownRegions = (
				English,
				en,
				Base,
			);
			mainGroup = 028ECE481EE68FEF0008EC84;
			productRefGroup = 028ECE521EE68FEF0008EC84 /* Products */;
			projectDirPath = "";
			projectRoot = "";
			targets = (
				028ECE501EE68FEF0008EC84 /* minigame-simulator */,
				024051D0229844EC00C84664 /* minigame-device */,
			);
		};
/* End PBXProject section */

/* Begin PBXResourcesBuildPhase section */
		024051DE229844EC00C84664 /* Resources */ = {
			isa = PBXResourcesBuildPhase;
			buildActionMask = 2147483647;
			files = (
				024051DF229844EC00C84664 /* LaunchScreen.storyboard in Resources */,
				024051E0229844EC00C84664 /* assets in Resources */,
				024051E1229844EC00C84664 /* Assets.xcassets in Resources */,
				024051E2229844EC00C84664 /* Main.storyboard in Resources */,
			);
			runOnlyForDeploymentPostprocessing = 0;
		};
		028ECE4F1EE68FEF0008EC84 /* Resources */ = {
			isa = PBXResourcesBuildPhase;
			buildActionMask = 2147483647;
			files = (
				028ECE641EE68FEF0008EC84 /* LaunchScreen.storyboard in Resources */,
				0239B2111F06AAD400AD3242 /* assets in Resources */,
				028ECE611EE68FEF0008EC84 /* Assets.xcassets in Resources */,
				028ECE5F1EE68FEF0008EC84 /* Main.storyboard in Resources */,
			);
			runOnlyForDeploymentPostprocessing = 0;
		};
/* End PBXResourcesBuildPhase section */

/* Begin PBXSourcesBuildPhase section */
		024051D1229844EC00C84664 /* Sources */ = {
			isa = PBXSourcesBuildPhase;
			buildActionMask = 2147483647;
			files = (
				024051D2229844EC00C84664 /* ViewController.m in Sources */,
				024051D3229844EC00C84664 /* AppDelegate.m in Sources */,
				024051D4229844EC00C84664 /* main.m in Sources */,
			);
			runOnlyForDeploymentPostprocessing = 0;
		};
		028ECE4D1EE68FEF0008EC84 /* Sources */ = {
			isa = PBXSourcesBuildPhase;
			buildActionMask = 2147483647;
			files = (
				028ECE5C1EE68FEF0008EC84 /* ViewController.m in Sources */,
				028ECE591EE68FEF0008EC84 /* AppDelegate.m in Sources */,
				028ECE561EE68FEF0008EC84 /* main.m in Sources */,
			);
			runOnlyForDeploymentPostprocessing = 0;
		};
/* End PBXSourcesBuildPhase section */

/* Begin PBXVariantGroup section */
		028ECE5D1EE68FEF0008EC84 /* Main.storyboard */ = {
			isa = PBXVariantGroup;
			children = (
				028ECE5E1EE68FEF0008EC84 /* Base */,
			);
			name = Main.storyboard;
			sourceTree = "<group>";
		};
		028ECE621EE68FEF0008EC84 /* LaunchScreen.storyboard */ = {
			isa = PBXVariantGroup;
			children = (
				028ECE631EE68FEF0008EC84 /* Base */,
			);
			name = LaunchScreen.storyboard;
			sourceTree = "<group>";
		};
/* End PBXVariantGroup section */

/* Begin XCBuildConfiguration section */
		024051E4229844EC00C84664 /* Debug */ = {
			isa = XCBuildConfiguration;
			buildSettings = {
				ASSETCATALOG_COMPILER_APPICON_NAME = AppIcon;
				DEVELOPMENT_TEAM = 6N59NGK9J6;
				ENABLE_BITCODE = NO;
				INFOPLIST_FILE = "minigame/Info-device.plist";
				LD_RUNPATH_SEARCH_PATHS = "$(inherited) @executable_path/Frameworks";
				LIBRARY_SEARCH_PATHS = "../../target/aarch64-apple-ios/debug";
				PRODUCT_BUNDLE_IDENTIFIER = com.valeriosantinelli.minigame;
				PRODUCT_NAME = "$(TARGET_NAME)";
			};
			name = Debug;
		};
		024051E5229844EC00C84664 /* Release */ = {
			isa = XCBuildConfiguration;
			buildSettings = {
				ASSETCATALOG_COMPILER_APPICON_NAME = AppIcon;
				DEVELOPMENT_TEAM = 6N59NGK9J6;
				ENABLE_BITCODE = NO;
				INFOPLIST_FILE = "minigame/Info-device.plist";
				LD_RUNPATH_SEARCH_PATHS = "$(inherited) @executable_path/Frameworks";
				LIBRARY_SEARCH_PATHS = "../../target/aarch64-apple-ios/debug";
				PRODUCT_BUNDLE_IDENTIFIER = com.valeriosantinelli.minigame;
				PRODUCT_NAME = "$(TARGET_NAME)";
			};
			name = Release;
		};
		028ECE661EE68FEF0008EC84 /* Debug */ = {
			isa = XCBuildConfiguration;
			buildSettings = {
				ALWAYS_SEARCH_USER_PATHS = NO;
				CLANG_ANALYZER_NONNULL = YES;
				CLANG_ANALYZER_NUMBER_OBJECT_CONVERSION = YES_AGGRESSIVE;
				CLANG_CXX_LANGUAGE_STANDARD = "gnu++0x";
				CLANG_CXX_LIBRARY = "libc++";
				CLANG_ENABLE_MODULES = YES;
				CLANG_ENABLE_OBJC_ARC = YES;
				CLANG_WARN_BOOL_CONVERSION = YES;
				CLANG_WARN_CONSTANT_CONVERSION = YES;
				CLANG_WARN_DIRECT_OBJC_ISA_USAGE = YES_ERROR;
				CLANG_WARN_DOCUMENTATION_COMMENTS = YES;
				CLANG_WARN_EMPTY_BODY = YES;
				CLANG_WARN_ENUM_CONVERSION = YES;
				CLANG_WARN_INFINITE_RECURSION = YES;
				CLANG_WARN_INT_CONVERSION = YES;
				CLANG_WARN_OBJC_ROOT_CLASS = YES_ERROR;
				CLANG_WARN_SUSPICIOUS_MOVE = YES;
				CLANG_WARN_UNREACHABLE_CODE = YES;
				CLANG_WARN__DUPLICATE_METHOD_MATCH = YES;
				"CODE_SIGN_IDENTITY[sdk=iphoneos*]" = "iPhone Developer";
				COPY_PHASE_STRIP = NO;
				DEBUG_INFORMATION_FORMAT = dwarf;
				ENABLE_STRICT_OBJC_MSGSEND = YES;
				ENABLE_TESTABILITY = YES;
				GCC_C_LANGUAGE_STANDARD = gnu99;
				GCC_DYNAMIC_NO_PIC = NO;
				GCC_NO_COMMON_BLOCKS = YES;
				GCC_OPTIMIZATION_LEVEL = 0;
				GCC_PREPROCESSOR_DEFINITIONS = (
					"DEBUG=1",
					"$(inherited)",
				);
				GCC_WARN_64_TO_32_BIT_CONVERSION = YES;
				GCC_WARN_ABOUT_RETURN_TYPE = YES_ERROR;
				GCC_WARN_UNDECLARED_SELECTOR = YES;
				GCC_WARN_UNINITIALIZED_AUTOS = YES_AGGRESSIVE;
				GCC_WARN_UNUSED_FUNCTION = YES;
				GCC_WARN_UNUSED_VARIABLE = YES;
				IPHONEOS_DEPLOYMENT_TARGET = 10.3;
				LIBRARY_SEARCH_PATHS = "../../target/x86_64-apple-ios/debug";
				MTL_ENABLE_DEBUG_INFO = YES;
				ONLY_ACTIVE_ARCH = YES;
				SDKROOT = iphoneos;
				TARGETED_DEVICE_FAMILY = "1,2";
			};
			name = Debug;
		};
		028ECE671EE68FEF0008EC84 /* Release */ = {
			isa = XCBuildConfiguration;
			buildSettings = {
				ALWAYS_SEARCH_USER_PATHS = NO;
				CLANG_ANALYZER_NONNULL = YES;
				CLANG_ANALYZER_NUMBER_OBJECT_CONVERSION = YES_AGGRESSIVE;
				CLANG_CXX_LANGUAGE_STANDARD = "gnu++0x";
				CLANG_CXX_LIBRARY = "libc++";
				CLANG_ENABLE_MODULES = YES;
				CLANG_ENABLE_OBJC_ARC = YES;
				CLANG_WARN_BOOL_CONVERSION = YES;
				CLANG_WARN_CONSTANT_CONVERSION = YES;
				CLANG_WARN_DIRECT_OBJC_ISA_USAGE = YES_ERROR;
				CLANG_WARN_DOCUMENTATION_COMMENTS = YES;
				CLANG_WARN_EMPTY_BODY = YES;
				CLANG_WARN_ENUM_CONVERSION = YES;
				CLANG_WARN_INFINITE_RECURSION = YES;
				CLANG_WARN_INT_CONVERSION = YES;
				CLANG_WARN_OBJC_ROOT_CLASS = YES_ERROR;
				CLANG_WARN_SUSPICIOUS_MOVE = YES;
				CLANG_WARN_UNREACHABLE_CODE = YES;
				CLANG_WARN__DUPLICATE_METHOD_MATCH = YES;
				"CODE_SIGN_IDENTITY[sdk=iphoneos*]" = "iPhone Developer";
				COPY_PHASE_STRIP = NO;
				DEBUG_INFORMATION_FORMAT = "dwarf-with-dsym";
				ENABLE_NS_ASSERTIONS = NO;
				ENABLE_STRICT_OBJC_MSGSEND = YES;
				GCC_C_LANGUAGE_STANDARD = gnu99;
				GCC_NO_COMMON_BLOCKS = YES;
				GCC_WARN_64_TO_32_BIT_CONVERSION = YES;
				GCC_WARN_ABOUT_RETURN_TYPE = YES_ERROR;
				GCC_WARN_UNDECLARED_SELECTOR = YES;
				GCC_WARN_UNINITIALIZED_AUTOS = YES_AGGRESSIVE;
				GCC_WARN_UNUSED_FUNCTION = YES;
				GCC_WARN_UNUSED_VARIABLE = YES;
				IPHONEOS_DEPLOYMENT_TARGET = 10.3;
				LIBRARY_SEARCH_PATHS = "../../target/x86_64-apple-ios/debug";
				MTL_ENABLE_DEBUG_INFO = NO;
				SDKROOT = iphoneos;
				TARGETED_DEVICE_FAMILY = "1,2";
				VALIDATE_PRODUCT = YES;
			};
			name = Release;
		};
		028ECE691EE68FEF0008EC84 /* Debug */ = {
			isa = XCBuildConfiguration;
			buildSettings = {
				ASSETCATALOG_COMPILER_APPICON_NAME = AppIcon;
				DEVELOPMENT_TEAM = 6N59NGK9J6;
				INFOPLIST_FILE = minigame/Info.plist;
				LD_RUNPATH_SEARCH_PATHS = "$(inherited) @executable_path/Frameworks";
				PRODUCT_BUNDLE_IDENTIFIER = com.valeriosantinelli.minigame;
				PRODUCT_NAME = "$(TARGET_NAME)";
			};
			name = Debug;
		};
		028ECE6A1EE68FEF0008EC84 /* Release */ = {
			isa = XCBuildConfiguration;
			buildSettings = {
				ASSETCATALOG_COMPILER_APPICON_NAME = AppIcon;
				DEVELOPMENT_TEAM = 6N59NGK9J6;
				INFOPLIST_FILE = minigame/Info.plist;
				LD_RUNPATH_SEARCH_PATHS = "$(inherited) @executable_path/Frameworks";
				PRODUCT_BUNDLE_IDENTIFIER = com.valeriosantinelli.minigame;
				PRODUCT_NAME = "$(TARGET_NAME)";
			};
			name = Release;
		};
/* End XCBuildConfiguration section */

/* Begin XCConfigurationList section */
		024051E3229844EC00C84664 /* Build configuration list for PBXNativeTarget "minigame-device" */ = {
			isa = XCConfigurationList;
			buildConfigurations = (
				024051E4229844EC00C84664 /* Debug */,
				024051E5229844EC00C84664 /* Release */,
			);
			defaultConfigurationIsVisible = 0;
			defaultConfigurationName = Release;
		};
		028ECE4C1EE68FEF0008EC84 /* Build configuration list for PBXProject "minigame" */ = {
			isa = XCConfigurationList;
			buildConfigurations = (
				028ECE661EE68FEF0008EC84 /* Debug */,
				028ECE671EE68FEF0008EC84 /* Release */,
			);
			defaultConfigurationIsVisible = 0;
			defaultConfigurationName = Release;
		};
		028ECE681EE68FEF0008EC84 /* Build configuration list for PBXNativeTarget "minigame-simulator" */ = {
			isa = XCConfigurationList;
			buildConfigurations = (
				028ECE691EE68FEF0008EC84 /* Debug */,
				028ECE6A1EE68FEF0008EC84 /* Release */,
			);
			defaultConfigurationIsVisible = 0;
			defaultConfigurationName = Release;
		};
/* End XCConfigurationList section */
	};
	rootObject = 028ECE491EE68FEF0008EC84 /* Project object */;
}
